// !$*UTF8*$!
{
	archiveVersion = 1;
	classes = {
	};
	objectVersion = 46;
	objects = {

/* Begin PBXBuildFile section */
		B4E7AC5D19E813190056E039 /* AppDelegate.swift in Sources */ = {isa = PBXBuildFile; fileRef = B4E7AC5C19E813190056E039 /* AppDelegate.swift */; };
		B4E7AC5F19E813190056E039 /* ViewController.swift in Sources */ = {isa = PBXBuildFile; fileRef = B4E7AC5E19E813190056E039 /* ViewController.swift */; };
		B4E7AC6219E813190056E039 /* Main.storyboard in Resources */ = {isa = PBXBuildFile; fileRef = B4E7AC6019E813190056E039 /* Main.storyboard */; };
		B4E7AC6419E813190056E039 /* Images.xcassets in Resources */ = {isa = PBXBuildFile; fileRef = B4E7AC6319E813190056E039 /* Images.xcassets */; };
		B4E7AC6719E813190056E039 /* LaunchScreen.xib in Resources */ = {isa = PBXBuildFile; fileRef = B4E7AC6519E813190056E039 /* LaunchScreen.xib */; };
		B4E7AC9A19E82B760056E039 /* bg-addbutton-highlighted.png in Resources */ = {isa = PBXBuildFile; fileRef = B4E7AC8C19E82B760056E039 /* bg-addbutton-highlighted.png */; };
		B4E7AC9B19E82B760056E039 /* bg-addbutton-highlighted@2x.png in Resources */ = {isa = PBXBuildFile; fileRef = B4E7AC8D19E82B760056E039 /* bg-addbutton-highlighted@2x.png */; };
		B4E7AC9C19E82B760056E039 /* bg-addbutton.png in Resources */ = {isa = PBXBuildFile; fileRef = B4E7AC8E19E82B760056E039 /* bg-addbutton.png */; };
		B4E7AC9D19E82B760056E039 /* bg-addbutton@2x.png in Resources */ = {isa = PBXBuildFile; fileRef = B4E7AC8F19E82B760056E039 /* bg-addbutton@2x.png */; };
		B4E7AC9E19E82B760056E039 /* bg-menuitem-highlighted.png in Resources */ = {isa = PBXBuildFile; fileRef = B4E7AC9019E82B760056E039 /* bg-menuitem-highlighted.png */; };
		B4E7AC9F19E82B760056E039 /* bg-menuitem-highlighted@2x.png in Resources */ = {isa = PBXBuildFile; fileRef = B4E7AC9119E82B760056E039 /* bg-menuitem-highlighted@2x.png */; };
		B4E7ACA019E82B760056E039 /* bg-menuitem.png in Resources */ = {isa = PBXBuildFile; fileRef = B4E7AC9219E82B760056E039 /* bg-menuitem.png */; };
		B4E7ACA119E82B760056E039 /* bg-menuitem@2x.png in Resources */ = {isa = PBXBuildFile; fileRef = B4E7AC9319E82B760056E039 /* bg-menuitem@2x.png */; };
		B4E7ACA219E82B760056E039 /* icon-plus-highlighted.png in Resources */ = {isa = PBXBuildFile; fileRef = B4E7AC9419E82B760056E039 /* icon-plus-highlighted.png */; };
		B4E7ACA319E82B760056E039 /* icon-plus-highlighted@2x.png in Resources */ = {isa = PBXBuildFile; fileRef = B4E7AC9519E82B760056E039 /* icon-plus-highlighted@2x.png */; };
		B4E7ACA419E82B760056E039 /* icon-plus.png in Resources */ = {isa = PBXBuildFile; fileRef = B4E7AC9619E82B760056E039 /* icon-plus.png */; };
		B4E7ACA519E82B760056E039 /* icon-plus@2x.png in Resources */ = {isa = PBXBuildFile; fileRef = B4E7AC9719E82B760056E039 /* icon-plus@2x.png */; };
		B4E7ACA619E82B760056E039 /* icon-star.png in Resources */ = {isa = PBXBuildFile; fileRef = B4E7AC9819E82B760056E039 /* icon-star.png */; };
		B4E7ACA719E82B760056E039 /* icon-star@2x.png in Resources */ = {isa = PBXBuildFile; fileRef = B4E7AC9919E82B760056E039 /* icon-star@2x.png */; };
		B4F83D0019EC84E2002968F1 /* MenuTransitionManager.swift in Sources */ = {isa = PBXBuildFile; fileRef = B4F83CFF19EC84E2002968F1 /* MenuTransitionManager.swift */; };
		B4F83D0219EC8612002968F1 /* Photo@2x.png in Resources */ = {isa = PBXBuildFile; fileRef = B4F83D0119EC8612002968F1 /* Photo@2x.png */; };
		B4F83D0419EC880E002968F1 /* MenuViewController.swift in Sources */ = {isa = PBXBuildFile; fileRef = B4F83D0319EC880E002968F1 /* MenuViewController.swift */; };
		B4F83D0619ECC2DE002968F1 /* RidesViewController.swift in Sources */ = {isa = PBXBuildFile; fileRef = B4F83D0519ECC2DE002968F1 /* RidesViewController.swift */; };
		B4F83D0819ECD1D9002968F1 /* ClubsTableViewController.swift in Sources */ = {isa = PBXBuildFile; fileRef = B4F83D0719ECD1D9002968F1 /* ClubsTableViewController.swift */; };
		B4F83D0A19ED609E002968F1 /* ProfileViewController.swift in Sources */ = {isa = PBXBuildFile; fileRef = B4F83D0919ED609E002968F1 /* ProfileViewController.swift */; };
		B4F83D0C19ED7624002968F1 /* TransitionManager.swift in Sources */ = {isa = PBXBuildFile; fileRef = B4F83D0B19ED7624002968F1 /* TransitionManager.swift */; };
		B4F83D1019EDC641002968F1 /* Bolts.framework in Frameworks */ = {isa = PBXBuildFile; fileRef = B4F83D0E19EDC641002968F1 /* Bolts.framework */; };
		B4F83D1119EDC641002968F1 /* Parse.framework in Frameworks */ = {isa = PBXBuildFile; fileRef = B4F83D0F19EDC641002968F1 /* Parse.framework */; };
		B4F83D1319EDC69C002968F1 /* AudioToolbox.framework in Frameworks */ = {isa = PBXBuildFile; fileRef = B4F83D1219EDC69C002968F1 /* AudioToolbox.framework */; };
		B4F83D1519EDC6A8002968F1 /* CFNetwork.framework in Frameworks */ = {isa = PBXBuildFile; fileRef = B4F83D1419EDC6A8002968F1 /* CFNetwork.framework */; };
		B4F83D1719EDC6B3002968F1 /* CoreGraphics.framework in Frameworks */ = {isa = PBXBuildFile; fileRef = B4F83D1619EDC6B3002968F1 /* CoreGraphics.framework */; };
		B4F83D1919EDC6BF002968F1 /* CoreLocation.framework in Frameworks */ = {isa = PBXBuildFile; fileRef = B4F83D1819EDC6BF002968F1 /* CoreLocation.framework */; };
		B4F83D1B19EDC6C8002968F1 /* libz.dylib in Frameworks */ = {isa = PBXBuildFile; fileRef = B4F83D1A19EDC6C8002968F1 /* libz.dylib */; };
		B4F83D1D19EDC6D2002968F1 /* MobileCoreServices.framework in Frameworks */ = {isa = PBXBuildFile; fileRef = B4F83D1C19EDC6D2002968F1 /* MobileCoreServices.framework */; };
		B4F83D1F19EDC6DC002968F1 /* QuartzCore.framework in Frameworks */ = {isa = PBXBuildFile; fileRef = B4F83D1E19EDC6DC002968F1 /* QuartzCore.framework */; };
		B4F83D2119EDC6E7002968F1 /* Security.framework in Frameworks */ = {isa = PBXBuildFile; fileRef = B4F83D2019EDC6E7002968F1 /* Security.framework */; };
		B4F83D2319EDC6F0002968F1 /* StoreKit.framework in Frameworks */ = {isa = PBXBuildFile; fileRef = B4F83D2219EDC6F0002968F1 /* StoreKit.framework */; };
		B4F83D2519EDC6FA002968F1 /* SystemConfiguration.framework in Frameworks */ = {isa = PBXBuildFile; fileRef = B4F83D2419EDC6FA002968F1 /* SystemConfiguration.framework */; };
		B4F83D2D19EDCA78002968F1 /* LoginViewController.swift in Sources */ = {isa = PBXBuildFile; fileRef = B4F83D2B19EDCA78002968F1 /* LoginViewController.swift */; };
		B4F83D2E19EDCA78002968F1 /* SignupViewController.swift in Sources */ = {isa = PBXBuildFile; fileRef = B4F83D2C19EDCA78002968F1 /* SignupViewController.swift */; };
		B4F83D3019EDF778002968F1 /* EditProfileViewController.swift in Sources */ = {isa = PBXBuildFile; fileRef = B4F83D2F19EDF778002968F1 /* EditProfileViewController.swift */; };
		B4F83D3219EEC1E2002968F1 /* MotorCycle-Racing@2x.png in Resources */ = {isa = PBXBuildFile; fileRef = B4F83D3119EEC1E2002968F1 /* MotorCycle-Racing@2x.png */; };
		B4F83D3419EEC310002968F1 /* menuicon@2x.png in Resources */ = {isa = PBXBuildFile; fileRef = B4F83D3319EEC310002968F1 /* menuicon@2x.png */; };
/* End PBXBuildFile section */

/* Begin PBXFileReference section */
		B4E7AC5719E813190056E039 /* 2UP.app */ = {isa = PBXFileReference; explicitFileType = wrapper.application; includeInIndex = 0; path = 2UP.app; sourceTree = BUILT_PRODUCTS_DIR; };
		B4E7AC5B19E813190056E039 /* Info.plist */ = {isa = PBXFileReference; lastKnownFileType = text.plist.xml; path = Info.plist; sourceTree = "<group>"; };
		B4E7AC5C19E813190056E039 /* AppDelegate.swift */ = {isa = PBXFileReference; lastKnownFileType = sourcecode.swift; path = AppDelegate.swift; sourceTree = "<group>"; };
		B4E7AC5E19E813190056E039 /* ViewController.swift */ = {isa = PBXFileReference; lastKnownFileType = sourcecode.swift; path = ViewController.swift; sourceTree = "<group>"; };
		B4E7AC6119E813190056E039 /* Base */ = {isa = PBXFileReference; lastKnownFileType = file.storyboard; name = Base; path = Base.lproj/Main.storyboard; sourceTree = "<group>"; };
		B4E7AC6319E813190056E039 /* Images.xcassets */ = {isa = PBXFileReference; lastKnownFileType = folder.assetcatalog; path = Images.xcassets; sourceTree = "<group>"; };
		B4E7AC6619E813190056E039 /* Base */ = {isa = PBXFileReference; lastKnownFileType = file.xib; name = Base; path = Base.lproj/LaunchScreen.xib; sourceTree = "<group>"; };
		B4E7AC8C19E82B760056E039 /* bg-addbutton-highlighted.png */ = {isa = PBXFileReference; lastKnownFileType = image.png; path = "bg-addbutton-highlighted.png"; sourceTree = "<group>"; };
		B4E7AC8D19E82B760056E039 /* bg-addbutton-highlighted@2x.png */ = {isa = PBXFileReference; lastKnownFileType = image.png; path = "bg-addbutton-highlighted@2x.png"; sourceTree = "<group>"; };
		B4E7AC8E19E82B760056E039 /* bg-addbutton.png */ = {isa = PBXFileReference; lastKnownFileType = image.png; path = "bg-addbutton.png"; sourceTree = "<group>"; };
		B4E7AC8F19E82B760056E039 /* bg-addbutton@2x.png */ = {isa = PBXFileReference; lastKnownFileType = image.png; path = "bg-addbutton@2x.png"; sourceTree = "<group>"; };
		B4E7AC9019E82B760056E039 /* bg-menuitem-highlighted.png */ = {isa = PBXFileReference; lastKnownFileType = image.png; path = "bg-menuitem-highlighted.png"; sourceTree = "<group>"; };
		B4E7AC9119E82B760056E039 /* bg-menuitem-highlighted@2x.png */ = {isa = PBXFileReference; lastKnownFileType = image.png; path = "bg-menuitem-highlighted@2x.png"; sourceTree = "<group>"; };
		B4E7AC9219E82B760056E039 /* bg-menuitem.png */ = {isa = PBXFileReference; lastKnownFileType = image.png; path = "bg-menuitem.png"; sourceTree = "<group>"; };
		B4E7AC9319E82B760056E039 /* bg-menuitem@2x.png */ = {isa = PBXFileReference; lastKnownFileType = image.png; path = "bg-menuitem@2x.png"; sourceTree = "<group>"; };
		B4E7AC9419E82B760056E039 /* icon-plus-highlighted.png */ = {isa = PBXFileReference; lastKnownFileType = image.png; path = "icon-plus-highlighted.png"; sourceTree = "<group>"; };
		B4E7AC9519E82B760056E039 /* icon-plus-highlighted@2x.png */ = {isa = PBXFileReference; lastKnownFileType = image.png; path = "icon-plus-highlighted@2x.png"; sourceTree = "<group>"; };
		B4E7AC9619E82B760056E039 /* icon-plus.png */ = {isa = PBXFileReference; lastKnownFileType = image.png; path = "icon-plus.png"; sourceTree = "<group>"; };
		B4E7AC9719E82B760056E039 /* icon-plus@2x.png */ = {isa = PBXFileReference; lastKnownFileType = image.png; path = "icon-plus@2x.png"; sourceTree = "<group>"; };
		B4E7AC9819E82B760056E039 /* icon-star.png */ = {isa = PBXFileReference; lastKnownFileType = image.png; path = "icon-star.png"; sourceTree = "<group>"; };
		B4E7AC9919E82B760056E039 /* icon-star@2x.png */ = {isa = PBXFileReference; lastKnownFileType = image.png; path = "icon-star@2x.png"; sourceTree = "<group>"; };
		B4F83CFF19EC84E2002968F1 /* MenuTransitionManager.swift */ = {isa = PBXFileReference; fileEncoding = 4; lastKnownFileType = sourcecode.swift; path = MenuTransitionManager.swift; sourceTree = "<group>"; };
		B4F83D0119EC8612002968F1 /* Photo@2x.png */ = {isa = PBXFileReference; lastKnownFileType = image.png; path = "Photo@2x.png"; sourceTree = "<group>"; };
		B4F83D0319EC880E002968F1 /* MenuViewController.swift */ = {isa = PBXFileReference; fileEncoding = 4; lastKnownFileType = sourcecode.swift; path = MenuViewController.swift; sourceTree = "<group>"; };
		B4F83D0519ECC2DE002968F1 /* RidesViewController.swift */ = {isa = PBXFileReference; fileEncoding = 4; lastKnownFileType = sourcecode.swift; path = RidesViewController.swift; sourceTree = "<group>"; };
		B4F83D0719ECD1D9002968F1 /* ClubsTableViewController.swift */ = {isa = PBXFileReference; fileEncoding = 4; lastKnownFileType = sourcecode.swift; path = ClubsTableViewController.swift; sourceTree = "<group>"; };
		B4F83D0919ED609E002968F1 /* ProfileViewController.swift */ = {isa = PBXFileReference; fileEncoding = 4; lastKnownFileType = sourcecode.swift; path = ProfileViewController.swift; sourceTree = "<group>"; };
		B4F83D0B19ED7624002968F1 /* TransitionManager.swift */ = {isa = PBXFileReference; fileEncoding = 4; lastKnownFileType = sourcecode.swift; path = TransitionManager.swift; sourceTree = "<group>"; };
		B4F83D0E19EDC641002968F1 /* Bolts.framework */ = {isa = PBXFileReference; lastKnownFileType = wrapper.framework; name = Bolts.framework; path = "../../../Documents/iOSFrameworks/parse-library/Bolts.framework"; sourceTree = "<group>"; };
		B4F83D0F19EDC641002968F1 /* Parse.framework */ = {isa = PBXFileReference; lastKnownFileType = wrapper.framework; name = Parse.framework; path = "../../../Documents/iOSFrameworks/parse-library/Parse.framework"; sourceTree = "<group>"; };
		B4F83D1219EDC69C002968F1 /* AudioToolbox.framework */ = {isa = PBXFileReference; lastKnownFileType = wrapper.framework; name = AudioToolbox.framework; path = System/Library/Frameworks/AudioToolbox.framework; sourceTree = SDKROOT; };
		B4F83D1419EDC6A8002968F1 /* CFNetwork.framework */ = {isa = PBXFileReference; lastKnownFileType = wrapper.framework; name = CFNetwork.framework; path = System/Library/Frameworks/CFNetwork.framework; sourceTree = SDKROOT; };
		B4F83D1619EDC6B3002968F1 /* CoreGraphics.framework */ = {isa = PBXFileReference; lastKnownFileType = wrapper.framework; name = CoreGraphics.framework; path = System/Library/Frameworks/CoreGraphics.framework; sourceTree = SDKROOT; };
		B4F83D1819EDC6BF002968F1 /* CoreLocation.framework */ = {isa = PBXFileReference; lastKnownFileType = wrapper.framework; name = CoreLocation.framework; path = System/Library/Frameworks/CoreLocation.framework; sourceTree = SDKROOT; };
		B4F83D1A19EDC6C8002968F1 /* libz.dylib */ = {isa = PBXFileReference; lastKnownFileType = "compiled.mach-o.dylib"; name = libz.dylib; path = usr/lib/libz.dylib; sourceTree = SDKROOT; };
		B4F83D1C19EDC6D2002968F1 /* MobileCoreServices.framework */ = {isa = PBXFileReference; lastKnownFileType = wrapper.framework; name = MobileCoreServices.framework; path = System/Library/Frameworks/MobileCoreServices.framework; sourceTree = SDKROOT; };
		B4F83D1E19EDC6DC002968F1 /* QuartzCore.framework */ = {isa = PBXFileReference; lastKnownFileType = wrapper.framework; name = QuartzCore.framework; path = System/Library/Frameworks/QuartzCore.framework; sourceTree = SDKROOT; };
		B4F83D2019EDC6E7002968F1 /* Security.framework */ = {isa = PBXFileReference; lastKnownFileType = wrapper.framework; name = Security.framework; path = System/Library/Frameworks/Security.framework; sourceTree = SDKROOT; };
		B4F83D2219EDC6F0002968F1 /* StoreKit.framework */ = {isa = PBXFileReference; lastKnownFileType = wrapper.framework; name = StoreKit.framework; path = System/Library/Frameworks/StoreKit.framework; sourceTree = SDKROOT; };
		B4F83D2419EDC6FA002968F1 /* SystemConfiguration.framework */ = {isa = PBXFileReference; lastKnownFileType = wrapper.framework; name = SystemConfiguration.framework; path = System/Library/Frameworks/SystemConfiguration.framework; sourceTree = SDKROOT; };
		B4F83D2719EDC782002968F1 /* 2UP-Bridging-Header.h */ = {isa = PBXFileReference; lastKnownFileType = sourcecode.c.h; path = "2UP-Bridging-Header.h"; sourceTree = "<group>"; };
		B4F83D2B19EDCA78002968F1 /* LoginViewController.swift */ = {isa = PBXFileReference; fileEncoding = 4; lastKnownFileType = sourcecode.swift; path = LoginViewController.swift; sourceTree = "<group>"; };
		B4F83D2C19EDCA78002968F1 /* SignupViewController.swift */ = {isa = PBXFileReference; fileEncoding = 4; lastKnownFileType = sourcecode.swift; path = SignupViewController.swift; sourceTree = "<group>"; };
		B4F83D2F19EDF778002968F1 /* EditProfileViewController.swift */ = {isa = PBXFileReference; fileEncoding = 4; lastKnownFileType = sourcecode.swift; path = EditProfileViewController.swift; sourceTree = "<group>"; };
		B4F83D3119EEC1E2002968F1 /* MotorCycle-Racing@2x.png */ = {isa = PBXFileReference; lastKnownFileType = image.png; path = "MotorCycle-Racing@2x.png"; sourceTree = "<group>"; };
		B4F83D3319EEC310002968F1 /* menuicon@2x.png */ = {isa = PBXFileReference; lastKnownFileType = image.png; path = "menuicon@2x.png"; sourceTree = "<group>"; };
/* End PBXFileReference section */

/* Begin PBXFrameworksBuildPhase section */
		B4E7AC5419E813190056E039 /* Frameworks */ = {
			isa = PBXFrameworksBuildPhase;
			buildActionMask = 2147483647;
			files = (
				B4F83D2519EDC6FA002968F1 /* SystemConfiguration.framework in Frameworks */,
				B4F83D2319EDC6F0002968F1 /* StoreKit.framework in Frameworks */,
				B4F83D2119EDC6E7002968F1 /* Security.framework in Frameworks */,
				B4F83D1F19EDC6DC002968F1 /* QuartzCore.framework in Frameworks */,
				B4F83D1D19EDC6D2002968F1 /* MobileCoreServices.framework in Frameworks */,
				B4F83D1B19EDC6C8002968F1 /* libz.dylib in Frameworks */,
				B4F83D1919EDC6BF002968F1 /* CoreLocation.framework in Frameworks */,
				B4F83D1719EDC6B3002968F1 /* CoreGraphics.framework in Frameworks */,
				B4F83D1519EDC6A8002968F1 /* CFNetwork.framework in Frameworks */,
				B4F83D1319EDC69C002968F1 /* AudioToolbox.framework in Frameworks */,
				B4F83D1019EDC641002968F1 /* Bolts.framework in Frameworks */,
				B4F83D1119EDC641002968F1 /* Parse.framework in Frameworks */,
			);
			runOnlyForDeploymentPostprocessing = 0;
		};
/* End PBXFrameworksBuildPhase section */

/* Begin PBXGroup section */
		B4E7AC4E19E813190056E039 = {
			isa = PBXGroup;
			children = (
				B4E7AC8B19E82B650056E039 /* Images */,
				B4E7AC5919E813190056E039 /* 2UP */,
				B4E7AC5819E813190056E039 /* Products */,
				B4F83D2619EDC719002968F1 /* Frameworks */,
				B4F83D2719EDC782002968F1 /* 2UP-Bridging-Header.h */,
			);
			sourceTree = "<group>";
		};
		B4E7AC5819E813190056E039 /* Products */ = {
			isa = PBXGroup;
			children = (
				B4E7AC5719E813190056E039 /* 2UP.app */,
			);
			name = Products;
			sourceTree = "<group>";
		};
		B4E7AC5919E813190056E039 /* 2UP */ = {
			isa = PBXGroup;
			children = (
				B4F83D0119EC8612002968F1 /* Photo@2x.png */,
				B4F83D3319EEC310002968F1 /* menuicon@2x.png */,
				B4F83D3119EEC1E2002968F1 /* MotorCycle-Racing@2x.png */,
				B4E7AC5C19E813190056E039 /* AppDelegate.swift */,
				B4F83D2F19EDF778002968F1 /* EditProfileViewController.swift */,
				B4E7AC5E19E813190056E039 /* ViewController.swift */,
				B4F83D0519ECC2DE002968F1 /* RidesViewController.swift */,
				B4F83D0319EC880E002968F1 /* MenuViewController.swift */,
				B4E7AC6019E813190056E039 /* Main.storyboard */,
				B4F83CFF19EC84E2002968F1 /* MenuTransitionManager.swift */,
				B4F83D0B19ED7624002968F1 /* TransitionManager.swift */,
				B4F83D0719ECD1D9002968F1 /* ClubsTableViewController.swift */,
				B4F83D0919ED609E002968F1 /* ProfileViewController.swift */,
				B4F83D2B19EDCA78002968F1 /* LoginViewController.swift */,
				B4F83D2C19EDCA78002968F1 /* SignupViewController.swift */,
				B4E7AC6319E813190056E039 /* Images.xcassets */,
				B4E7AC6519E813190056E039 /* LaunchScreen.xib */,
				B4E7AC5A19E813190056E039 /* Supporting Files */,
			);
			path = 2UP;
			sourceTree = "<group>";
		};
		B4E7AC5A19E813190056E039 /* Supporting Files */ = {
			isa = PBXGroup;
			children = (
				B4E7AC5B19E813190056E039 /* Info.plist */,
			);
			name = "Supporting Files";
			sourceTree = "<group>";
		};
		B4E7AC8B19E82B650056E039 /* Images */ = {
			isa = PBXGroup;
			children = (
				B4E7AC8C19E82B760056E039 /* bg-addbutton-highlighted.png */,
				B4E7AC8D19E82B760056E039 /* bg-addbutton-highlighted@2x.png */,
				B4E7AC8E19E82B760056E039 /* bg-addbutton.png */,
				B4E7AC8F19E82B760056E039 /* bg-addbutton@2x.png */,
				B4E7AC9019E82B760056E039 /* bg-menuitem-highlighted.png */,
				B4E7AC9119E82B760056E039 /* bg-menuitem-highlighted@2x.png */,
				B4E7AC9219E82B760056E039 /* bg-menuitem.png */,
				B4E7AC9319E82B760056E039 /* bg-menuitem@2x.png */,
				B4E7AC9419E82B760056E039 /* icon-plus-highlighted.png */,
				B4E7AC9519E82B760056E039 /* icon-plus-highlighted@2x.png */,
				B4E7AC9619E82B760056E039 /* icon-plus.png */,
				B4E7AC9719E82B760056E039 /* icon-plus@2x.png */,
				B4E7AC9819E82B760056E039 /* icon-star.png */,
				B4E7AC9919E82B760056E039 /* icon-star@2x.png */,
			);
			name = Images;
			sourceTree = "<group>";
		};
		B4F83D2619EDC719002968F1 /* Frameworks */ = {
			isa = PBXGroup;
			children = (
				B4F83D2419EDC6FA002968F1 /* SystemConfiguration.framework */,
				B4F83D2219EDC6F0002968F1 /* StoreKit.framework */,
				B4F83D2019EDC6E7002968F1 /* Security.framework */,
				B4F83D1E19EDC6DC002968F1 /* QuartzCore.framework */,
				B4F83D1C19EDC6D2002968F1 /* MobileCoreServices.framework */,
				B4F83D1A19EDC6C8002968F1 /* libz.dylib */,
				B4F83D1819EDC6BF002968F1 /* CoreLocation.framework */,
				B4F83D1619EDC6B3002968F1 /* CoreGraphics.framework */,
				B4F83D1419EDC6A8002968F1 /* CFNetwork.framework */,
				B4F83D1219EDC69C002968F1 /* AudioToolbox.framework */,
				B4F83D0E19EDC641002968F1 /* Bolts.framework */,
				B4F83D0F19EDC641002968F1 /* Parse.framework */,
			);
			name = Frameworks;
			sourceTree = "<group>";
		};
/* End PBXGroup section */

/* Begin PBXNativeTarget section */
		B4E7AC5619E813190056E039 /* 2UP */ = {
			isa = PBXNativeTarget;
			buildConfigurationList = B4E7AC7619E8131A0056E039 /* Build configuration list for PBXNativeTarget "2UP" */;
			buildPhases = (
				B4E7AC5319E813190056E039 /* Sources */,
				B4E7AC5419E813190056E039 /* Frameworks */,
				B4E7AC5519E813190056E039 /* Resources */,
			);
			buildRules = (
			);
			dependencies = (
			);
			name = 2UP;
			productName = 2UP;
			productReference = B4E7AC5719E813190056E039 /* 2UP.app */;
			productType = "com.apple.product-type.application";
		};
/* End PBXNativeTarget section */

/* Begin PBXProject section */
		B4E7AC4F19E813190056E039 /* Project object */ = {
			isa = PBXProject;
			attributes = {
				LastUpgradeCheck = 0600;
				ORGANIZATIONNAME = "Joshua Hendershot";
				TargetAttributes = {
					B4E7AC5619E813190056E039 = {
						CreatedOnToolsVersion = 6.0.1;
					};
				};
			};
			buildConfigurationList = B4E7AC5219E813190056E039 /* Build configuration list for PBXProject "2UP" */;
			compatibilityVersion = "Xcode 3.2";
			developmentRegion = English;
			hasScannedForEncodings = 0;
			knownRegions = (
				en,
				Base,
			);
			mainGroup = B4E7AC4E19E813190056E039;
			productRefGroup = B4E7AC5819E813190056E039 /* Products */;
			projectDirPath = "";
			projectRoot = "";
			targets = (
				B4E7AC5619E813190056E039 /* 2UP */,
			);
		};
/* End PBXProject section */

/* Begin PBXResourcesBuildPhase section */
		B4E7AC5519E813190056E039 /* Resources */ = {
			isa = PBXResourcesBuildPhase;
			buildActionMask = 2147483647;
			files = (
				B4E7ACA619E82B760056E039 /* icon-star.png in Resources */,
				B4E7ACA419E82B760056E039 /* icon-plus.png in Resources */,
				B4E7ACA019E82B760056E039 /* bg-menuitem.png in Resources */,
				B4F83D0219EC8612002968F1 /* Photo@2x.png in Resources */,
				B4E7AC9B19E82B760056E039 /* bg-addbutton-highlighted@2x.png in Resources */,
				B4E7ACA519E82B760056E039 /* icon-plus@2x.png in Resources */,
				B4E7AC9F19E82B760056E039 /* bg-menuitem-highlighted@2x.png in Resources */,
				B4F83D3219EEC1E2002968F1 /* MotorCycle-Racing@2x.png in Resources */,
				B4E7AC9D19E82B760056E039 /* bg-addbutton@2x.png in Resources */,
				B4E7AC9A19E82B760056E039 /* bg-addbutton-highlighted.png in Resources */,
				B4F83D3419EEC310002968F1 /* menuicon@2x.png in Resources */,
				B4E7ACA319E82B760056E039 /* icon-plus-highlighted@2x.png in Resources */,
				B4E7AC9C19E82B760056E039 /* bg-addbutton.png in Resources */,
				B4E7ACA119E82B760056E039 /* bg-menuitem@2x.png in Resources */,
				B4E7AC6219E813190056E039 /* Main.storyboard in Resources */,
				B4E7ACA219E82B760056E039 /* icon-plus-highlighted.png in Resources */,
				B4E7AC6719E813190056E039 /* LaunchScreen.xib in Resources */,
				B4E7AC9E19E82B760056E039 /* bg-menuitem-highlighted.png in Resources */,
				B4E7ACA719E82B760056E039 /* icon-star@2x.png in Resources */,
				B4E7AC6419E813190056E039 /* Images.xcassets in Resources */,
			);
			runOnlyForDeploymentPostprocessing = 0;
		};
/* End PBXResourcesBuildPhase section */

/* Begin PBXSourcesBuildPhase section */
		B4E7AC5319E813190056E039 /* Sources */ = {
			isa = PBXSourcesBuildPhase;
			buildActionMask = 2147483647;
			files = (
				B4F83D3019EDF778002968F1 /* EditProfileViewController.swift in Sources */,
				B4F83D2D19EDCA78002968F1 /* LoginViewController.swift in Sources */,
				B4F83D0C19ED7624002968F1 /* TransitionManager.swift in Sources */,
				B4F83D2E19EDCA78002968F1 /* SignupViewController.swift in Sources */,
				B4E7AC5F19E813190056E039 /* ViewController.swift in Sources */,
				B4F83D0819ECD1D9002968F1 /* ClubsTableViewController.swift in Sources */,
				B4F83D0019EC84E2002968F1 /* MenuTransitionManager.swift in Sources */,
				B4E7AC5D19E813190056E039 /* AppDelegate.swift in Sources */,
				B4F83D0A19ED609E002968F1 /* ProfileViewController.swift in Sources */,
				B4F83D0419EC880E002968F1 /* MenuViewController.swift in Sources */,
				B4F83D0619ECC2DE002968F1 /* RidesViewController.swift in Sources */,
			);
			runOnlyForDeploymentPostprocessing = 0;
		};
/* End PBXSourcesBuildPhase section */

/* Begin PBXVariantGroup section */
		B4E7AC6019E813190056E039 /* Main.storyboard */ = {
			isa = PBXVariantGroup;
			children = (
				B4E7AC6119E813190056E039 /* Base */,
			);
			name = Main.storyboard;
			sourceTree = "<group>";
		};
		B4E7AC6519E813190056E039 /* LaunchScreen.xib */ = {
			isa = PBXVariantGroup;
			children = (
				B4E7AC6619E813190056E039 /* Base */,
			);
			name = LaunchScreen.xib;
			sourceTree = "<group>";
		};
/* End PBXVariantGroup section */

/* Begin XCBuildConfiguration section */
		B4E7AC7419E8131A0056E039 /* Debug */ = {
			isa = XCBuildConfiguration;
			buildSettings = {
				ALWAYS_SEARCH_USER_PATHS = NO;
				CLANG_CXX_LANGUAGE_STANDARD = "gnu++0x";
				CLANG_CXX_LIBRARY = "libc++";
				CLANG_ENABLE_MODULES = YES;
				CLANG_ENABLE_OBJC_ARC = YES;
				CLANG_WARN_BOOL_CONVERSION = YES;
				CLANG_WARN_CONSTANT_CONVERSION = YES;
				CLANG_WARN_DIRECT_OBJC_ISA_USAGE = YES_ERROR;
				CLANG_WARN_EMPTY_BODY = YES;
				CLANG_WARN_ENUM_CONVERSION = YES;
				CLANG_WARN_INT_CONVERSION = YES;
				CLANG_WARN_OBJC_ROOT_CLASS = YES_ERROR;
				CLANG_WARN_UNREACHABLE_CODE = YES;
				CLANG_WARN__DUPLICATE_METHOD_MATCH = YES;
				"CODE_SIGN_IDENTITY[sdk=iphoneos*]" = "iPhone Developer";
				COPY_PHASE_STRIP = NO;
				ENABLE_STRICT_OBJC_MSGSEND = YES;
				GCC_C_LANGUAGE_STANDARD = gnu99;
				GCC_DYNAMIC_NO_PIC = NO;
				GCC_OPTIMIZATION_LEVEL = 0;
				GCC_PREPROCESSOR_DEFINITIONS = (
					"DEBUG=1",
					"$(inherited)",
				);
				GCC_SYMBOLS_PRIVATE_EXTERN = NO;
				GCC_WARN_64_TO_32_BIT_CONVERSION = YES;
				GCC_WARN_ABOUT_RETURN_TYPE = YES_ERROR;
				GCC_WARN_UNDECLARED_SELECTOR = YES;
				GCC_WARN_UNINITIALIZED_AUTOS = YES_AGGRESSIVE;
				GCC_WARN_UNUSED_FUNCTION = YES;
				GCC_WARN_UNUSED_VARIABLE = YES;
				IPHONEOS_DEPLOYMENT_TARGET = 8.0;
				MTL_ENABLE_DEBUG_INFO = YES;
				ONLY_ACTIVE_ARCH = YES;
				SDKROOT = iphoneos;
				SWIFT_OPTIMIZATION_LEVEL = "-Onone";
			};
			name = Debug;
		};
		B4E7AC7519E8131A0056E039 /* Release */ = {
			isa = XCBuildConfiguration;
			buildSettings = {
				ALWAYS_SEARCH_USER_PATHS = NO;
				CLANG_CXX_LANGUAGE_STANDARD = "gnu++0x";
				CLANG_CXX_LIBRARY = "libc++";
				CLANG_ENABLE_MODULES = YES;
				CLANG_ENABLE_OBJC_ARC = YES;
				CLANG_WARN_BOOL_CONVERSION = YES;
				CLANG_WARN_CONSTANT_CONVERSION = YES;
				CLANG_WARN_DIRECT_OBJC_ISA_USAGE = YES_ERROR;
				CLANG_WARN_EMPTY_BODY = YES;
				CLANG_WARN_ENUM_CONVERSION = YES;
				CLANG_WARN_INT_CONVERSION = YES;
				CLANG_WARN_OBJC_ROOT_CLASS = YES_ERROR;
				CLANG_WARN_UNREACHABLE_CODE = YES;
				CLANG_WARN__DUPLICATE_METHOD_MATCH = YES;
				"CODE_SIGN_IDENTITY[sdk=iphoneos*]" = "iPhone Developer";
				COPY_PHASE_STRIP = YES;
				ENABLE_NS_ASSERTIONS = NO;
				ENABLE_STRICT_OBJC_MSGSEND = YES;
				GCC_C_LANGUAGE_STANDARD = gnu99;
				GCC_WARN_64_TO_32_BIT_CONVERSION = YES;
				GCC_WARN_ABOUT_RETURN_TYPE = YES_ERROR;
				GCC_WARN_UNDECLARED_SELECTOR = YES;
				GCC_WARN_UNINITIALIZED_AUTOS = YES_AGGRESSIVE;
				GCC_WARN_UNUSED_FUNCTION = YES;
				GCC_WARN_UNUSED_VARIABLE = YES;
				IPHONEOS_DEPLOYMENT_TARGET = 8.0;
				MTL_ENABLE_DEBUG_INFO = NO;
				SDKROOT = iphoneos;
				VALIDATE_PRODUCT = YES;
			};
			name = Release;
		};
		B4E7AC7719E8131A0056E039 /* Debug */ = {
			isa = XCBuildConfiguration;
			buildSettings = {
				ASSETCATALOG_COMPILER_APPICON_NAME = AppIcon;
				CLANG_ENABLE_MODULES = YES;
				FRAMEWORK_SEARCH_PATHS = (
					"$(inherited)",
					"/Users/midniteslide/Documents/iOSFrameworks/parse-library",
				);
				INFOPLIST_FILE = 2UP/Info.plist;
				LD_RUNPATH_SEARCH_PATHS = "$(inherited) @executable_path/Frameworks";
				PRODUCT_NAME = "$(TARGET_NAME)";
				SWIFT_OBJC_BRIDGING_HEADER = "2UP-Bridging-Header.h";
				SWIFT_OPTIMIZATION_LEVEL = "-Onone";
			};
			name = Debug;
		};
		B4E7AC7819E8131A0056E039 /* Release */ = {
			isa = XCBuildConfiguration;
			buildSettings = {
				ASSETCATALOG_COMPILER_APPICON_NAME = AppIcon;
				CLANG_ENABLE_MODULES = YES;
				FRAMEWORK_SEARCH_PATHS = (
					"$(inherited)",
					"/Users/midniteslide/Documents/iOSFrameworks/parse-library",
				);
				INFOPLIST_FILE = 2UP/Info.plist;
				LD_RUNPATH_SEARCH_PATHS = "$(inherited) @executable_path/Frameworks";
				PRODUCT_NAME = "$(TARGET_NAME)";
				SWIFT_OBJC_BRIDGING_HEADER = "2UP-Bridging-Header.h";
			};
			name = Release;
		};
/* End XCBuildConfiguration section */

/* Begin XCConfigurationList section */
		B4E7AC5219E813190056E039 /* Build configuration list for PBXProject "2UP" */ = {
			isa = XCConfigurationList;
			buildConfigurations = (
				B4E7AC7419E8131A0056E039 /* Debug */,
				B4E7AC7519E8131A0056E039 /* Release */,
			);
			defaultConfigurationIsVisible = 0;
			defaultConfigurationName = Release;
		};
		B4E7AC7619E8131A0056E039 /* Build configuration list for PBXNativeTarget "2UP" */ = {
			isa = XCConfigurationList;
			buildConfigurations = (
				B4E7AC7719E8131A0056E039 /* Debug */,
				B4E7AC7819E8131A0056E039 /* Release */,
			);
			defaultConfigurationIsVisible = 0;
			defaultConfigurationName = Release;
		};
/* End XCConfigurationList section */
	};
	rootObject = B4E7AC4F19E813190056E039 /* Project object */;
}
